# This file is automatically @generated by Cargo.
# It is not intended for manual editing.
version = 4

[[package]]
name = "bullet-cli"
version = "0.1.0"
dependencies = [
 "bullet-core",
 "bullet-engine",
]

[[package]]
name = "bullet-core"
version = "0.1.0"

[[package]]
name = "bullet-engine"
version = "0.1.0"
dependencies = [
 "bullet-core",
]
