# This file is automatically @generated by Cargo.
# It is not intended for manual editing.
version = 4

[[package]]
name = "bullet-backtest"
version = "0.1.0"
dependencies = [
 "bullet-execution",
 "bullet-portfolio",
]

[[package]]
name = "bullet-cli"
version = "0.1.0"
dependencies = [
 "bullet-execution",
]

[[package]]
name = "bullet-core"
version = "0.1.0"

[[package]]
name = "bullet-data"
version = "0.1.0"
dependencies = [
 "bullet-core",
]

[[package]]
name = "bullet-events"
version = "0.1.0"
dependencies = [
 "bullet-core",
]

[[package]]
name = "bullet-execution"
version = "0.1.0"
dependencies = [
 "bullet-core",
]

[[package]]
name = "bullet-features"
version = "0.1.0"
dependencies = [
 "bullet-core",
]

[[package]]
name = "bullet-ml"
version = "0.1.0"

[[package]]
name = "bullet-portfolio"
version = "0.1.0"
dependencies = [
 "bullet-execution",
]

[[package]]
name = "bullet-strategy"
version = "0.1.0"
dependencies = [
 "bullet-core",
]
